
Microsoft Visual Studio Solution File, Format Version 12.00
# Visual Studio Version 16
VisualStudioVersion = 16.0.28803.156
MinimumVisualStudioVersion = 10.0.40219.1
Project("{FAE04EC0-301F-11D3-BF4B-00C04F79EFBC}") = "Text-Venture", "Text-Venture.csproj", "{1765F8F6-0281-48CD-BBC4-096EED751454}"
EndProject
Global
	GlobalSection(SolutionConfigurationPlatforms) = preSolution
		Debug|Any CPU = Debug|Any CPU
		Release|Any CPU = Release|Any CPU
	EndGlobalSection
	GlobalSection(ProjectConfigurationPlatforms) = postSolution
		{1765F8F6-0281-48CD-BBC4-096EED751454}.Debug|Any CPU.ActiveCfg = Debug|Any CPU
		{1765F8F6-0281-48CD-BBC4-096EED751454}.Debug|Any CPU.Build.0 = Debug|Any CPU
		{1765F8F6-0281-48CD-BBC4-096EED751454}.Release|Any CPU.ActiveCfg = Release|Any CPU
		{1765F8F6-0281-48CD-BBC4-096EED751454}.Release|Any CPU.Build.0 = Release|Any CPU
	EndGlobalSection
	GlobalSection(SolutionProperties) = preSolution
		HideSolutionNode = FALSE
	EndGlobalSection
	GlobalSection(ExtensibilityGlobals) = postSolution
		SolutionGuid = {5C3E4121-3743-4FFC-B54E-DBFEC0F1EF08}
	EndGlobalSection
EndGlobal
